// !$*UTF8*$!
{
	archiveVersion = 1;
	classes = {
	};
	objectVersion = 46;
	objects = {

/* Begin PBXBuildFile section */
		B1B92B3A12F70F2400256851 /* ODUiPad.m in Sources */ = {isa = PBXBuildFile; fileRef = B1B92B3912F70F2400256851 /* ODUiPad.m */; };
		B1BAE6FF12F7154600F832D0 /* ScriptingBridge.framework in Frameworks */ = {isa = PBXBuildFile; fileRef = B1BAE6FE12F7154600F832D0 /* ScriptingBridge.framework */; };
		B1F40D4012F7069E00F60D70 /* Cocoa.framework in Frameworks */ = {isa = PBXBuildFile; fileRef = B1F40D3F12F7069E00F60D70 /* Cocoa.framework */; };
		B1F40D4A12F7069E00F60D70 /* InfoPlist.strings in Resources */ = {isa = PBXBuildFile; fileRef = B1F40D4812F7069E00F60D70 /* InfoPlist.strings */; };
		B1F40D4D12F7069E00F60D70 /* main.m in Sources */ = {isa = PBXBuildFile; fileRef = B1F40D4C12F7069E00F60D70 /* main.m */; };
		B1F40D5012F7069F00F60D70 /* Credits.rtf in Resources */ = {isa = PBXBuildFile; fileRef = B1F40D4E12F7069F00F60D70 /* Credits.rtf */; };
		B1F40D5312F7069F00F60D70 /* iPadRestoreAppDelegate.m in Sources */ = {isa = PBXBuildFile; fileRef = B1F40D5212F7069F00F60D70 /* iPadRestoreAppDelegate.m */; };
		B1F40D5612F7069F00F60D70 /* MainMenu.xib in Resources */ = {isa = PBXBuildFile; fileRef = B1F40D5412F7069F00F60D70 /* MainMenu.xib */; };
		B1F40D5F12F707A800F60D70 /* ODURestoreController.m in Sources */ = {isa = PBXBuildFile; fileRef = B1F40D5D12F707A800F60D70 /* ODURestoreController.m */; };
		B1F40D6012F707A800F60D70 /* ODURestoreView.xib in Resources */ = {isa = PBXBuildFile; fileRef = B1F40D5E12F707A800F60D70 /* ODURestoreView.xib */; };
		B1FAE5F212F8B1580055673B /* ODUAccessUtilities.m in Sources */ = {isa = PBXBuildFile; fileRef = B1FAE5F112F8B1580055673B /* ODUAccessUtilities.m */; };
		B1FAE5F512FA0BA70055673B /* ODUUIElement.m in Sources */ = {isa = PBXBuildFile; fileRef = B1FAE5F412FA0BA70055673B /* ODUUIElement.m */; };
/* End PBXBuildFile section */

/* Begin PBXFileReference section */
		B1B92B3812F70F2400256851 /* ODUiPad.h */ = {isa = PBXFileReference; fileEncoding = 4; lastKnownFileType = sourcecode.c.h; path = ODUiPad.h; sourceTree = "<group>"; };
		B1B92B3912F70F2400256851 /* ODUiPad.m */ = {isa = PBXFileReference; fileEncoding = 4; lastKnownFileType = sourcecode.c.objc; path = ODUiPad.m; sourceTree = "<group>"; };
		B1BAE6FC12F7130000F832D0 /* iTunes.h */ = {isa = PBXFileReference; fileEncoding = 4; lastKnownFileType = sourcecode.c.h; path = iTunes.h; sourceTree = "<group>"; };
		B1BAE6FD12F7130000F832D0 /* SystemEvents.h */ = {isa = PBXFileReference; fileEncoding = 4; lastKnownFileType = sourcecode.c.h; path = SystemEvents.h; sourceTree = "<group>"; };
		B1BAE6FE12F7154600F832D0 /* ScriptingBridge.framework */ = {isa = PBXFileReference; lastKnownFileType = wrapper.framework; name = ScriptingBridge.framework; path = System/Library/Frameworks/ScriptingBridge.framework; sourceTree = SDKROOT; };
		B1C4A32B130CA5EB00ADE151 /* liblibusb.a */ = {isa = PBXFileReference; explicitFileType = archive.ar; includeInIndex = 0; path = liblibusb.a; sourceTree = BUILT_PRODUCTS_DIR; };
		B1C4A3A4130CB77500ADE151 /* liblibplist.a */ = {isa = PBXFileReference; explicitFileType = archive.ar; includeInIndex = 0; path = liblibplist.a; sourceTree = BUILT_PRODUCTS_DIR; };
		B1F40D3B12F7069E00F60D70 /* iPadRestore.app */ = {isa = PBXFileReference; explicitFileType = wrapper.application; includeInIndex = 0; path = iPadRestore.app; sourceTree = BUILT_PRODUCTS_DIR; };
		B1F40D3F12F7069E00F60D70 /* Cocoa.framework */ = {isa = PBXFileReference; lastKnownFileType = wrapper.framework; name = Cocoa.framework; path = System/Library/Frameworks/Cocoa.framework; sourceTree = SDKROOT; };
		B1F40D4212F7069E00F60D70 /* AppKit.framework */ = {isa = PBXFileReference; lastKnownFileType = wrapper.framework; name = AppKit.framework; path = System/Library/Frameworks/AppKit.framework; sourceTree = SDKROOT; };
		B1F40D4312F7069E00F60D70 /* CoreData.framework */ = {isa = PBXFileReference; lastKnownFileType = wrapper.framework; name = CoreData.framework; path = System/Library/Frameworks/CoreData.framework; sourceTree = SDKROOT; };
		B1F40D4412F7069E00F60D70 /* Foundation.framework */ = {isa = PBXFileReference; lastKnownFileType = wrapper.framework; name = Foundation.framework; path = System/Library/Frameworks/Foundation.framework; sourceTree = SDKROOT; };
		B1F40D4712F7069E00F60D70 /* iPadRestore-Info.plist */ = {isa = PBXFileReference; lastKnownFileType = text.plist.xml; path = "iPadRestore-Info.plist"; sourceTree = "<group>"; };
		B1F40D4912F7069E00F60D70 /* en */ = {isa = PBXFileReference; lastKnownFileType = text.plist.strings; name = en; path = en.lproj/InfoPlist.strings; sourceTree = "<group>"; };
		B1F40D4B12F7069E00F60D70 /* iPadRestore-Prefix.pch */ = {isa = PBXFileReference; lastKnownFileType = sourcecode.c.h; path = "iPadRestore-Prefix.pch"; sourceTree = "<group>"; };
		B1F40D4C12F7069E00F60D70 /* main.m */ = {isa = PBXFileReference; lastKnownFileType = sourcecode.c.objc; path = main.m; sourceTree = "<group>"; };
		B1F40D4F12F7069F00F60D70 /* en */ = {isa = PBXFileReference; lastKnownFileType = text.rtf; name = en; path = en.lproj/Credits.rtf; sourceTree = "<group>"; };
		B1F40D5112F7069F00F60D70 /* iPadRestoreAppDelegate.h */ = {isa = PBXFileReference; lastKnownFileType = sourcecode.c.h; path = iPadRestoreAppDelegate.h; sourceTree = "<group>"; };
		B1F40D5212F7069F00F60D70 /* iPadRestoreAppDelegate.m */ = {isa = PBXFileReference; lastKnownFileType = sourcecode.c.objc; path = iPadRestoreAppDelegate.m; sourceTree = "<group>"; };
		B1F40D5512F7069F00F60D70 /* en */ = {isa = PBXFileReference; lastKnownFileType = file.xib; name = en; path = en.lproj/MainMenu.xib; sourceTree = "<group>"; };
		B1F40D5C12F707A800F60D70 /* ODURestoreController.h */ = {isa = PBXFileReference; fileEncoding = 4; lastKnownFileType = sourcecode.c.h; path = ODURestoreController.h; sourceTree = "<group>"; };
		B1F40D5D12F707A800F60D70 /* ODURestoreController.m */ = {isa = PBXFileReference; fileEncoding = 4; lastKnownFileType = sourcecode.c.objc; path = ODURestoreController.m; sourceTree = "<group>"; };
		B1F40D5E12F707A800F60D70 /* ODURestoreView.xib */ = {isa = PBXFileReference; fileEncoding = 4; lastKnownFileType = file.xib; path = ODURestoreView.xib; sourceTree = "<group>"; };
		B1FAE5F012F8B1580055673B /* ODUAccessUtilities.h */ = {isa = PBXFileReference; fileEncoding = 4; lastKnownFileType = sourcecode.c.h; path = ODUAccessUtilities.h; sourceTree = "<group>"; };
		B1FAE5F112F8B1580055673B /* ODUAccessUtilities.m */ = {isa = PBXFileReference; fileEncoding = 4; lastKnownFileType = sourcecode.c.objc; path = ODUAccessUtilities.m; sourceTree = "<group>"; };
		B1FAE5F312FA0BA70055673B /* ODUUIElement.h */ = {isa = PBXFileReference; fileEncoding = 4; lastKnownFileType = sourcecode.c.h; path = ODUUIElement.h; sourceTree = "<group>"; };
		B1FAE5F412FA0BA70055673B /* ODUUIElement.m */ = {isa = PBXFileReference; fileEncoding = 4; lastKnownFileType = sourcecode.c.objc; path = ODUUIElement.m; sourceTree = "<group>"; };
/* End PBXFileReference section */

/* Begin PBXFrameworksBuildPhase section */
		B1C4A328130CA5EB00ADE151 /* Frameworks */ = {
			isa = PBXFrameworksBuildPhase;
			buildActionMask = 2147483647;
			files = (
			);
			runOnlyForDeploymentPostprocessing = 0;
		};
		B1C4A3A1130CB77500ADE151 /* Frameworks */ = {
			isa = PBXFrameworksBuildPhase;
			buildActionMask = 2147483647;
			files = (
			);
			runOnlyForDeploymentPostprocessing = 0;
		};
		B1F40D3812F7069E00F60D70 /* Frameworks */ = {
			isa = PBXFrameworksBuildPhase;
			buildActionMask = 2147483647;
			files = (
				B1BAE6FF12F7154600F832D0 /* ScriptingBridge.framework in Frameworks */,
				B1F40D4012F7069E00F60D70 /* Cocoa.framework in Frameworks */,
			);
			runOnlyForDeploymentPostprocessing = 0;
		};
/* End PBXFrameworksBuildPhase section */

/* Begin PBXGroup section */
		B1F40D3012F7069E00F60D70 = {
			isa = PBXGroup;
			children = (
				B1BAE6FE12F7154600F832D0 /* ScriptingBridge.framework */,
				B1F40D4512F7069E00F60D70 /* iPadRestore */,
				B1F40D3E12F7069E00F60D70 /* Frameworks */,
				B1F40D3C12F7069E00F60D70 /* Products */,
			);
			sourceTree = "<group>";
		};
		B1F40D3C12F7069E00F60D70 /* Products */ = {
			isa = PBXGroup;
			children = (
				B1F40D3B12F7069E00F60D70 /* iPadRestore.app */,
				B1C4A32B130CA5EB00ADE151 /* liblibusb.a */,
				B1C4A3A4130CB77500ADE151 /* liblibplist.a */,
			);
			name = Products;
			sourceTree = "<group>";
		};
		B1F40D3E12F7069E00F60D70 /* Frameworks */ = {
			isa = PBXGroup;
			children = (
				B1F40D3F12F7069E00F60D70 /* Cocoa.framework */,
				B1F40D4112F7069E00F60D70 /* Other Frameworks */,
			);
			name = Frameworks;
			sourceTree = "<group>";
		};
		B1F40D4112F7069E00F60D70 /* Other Frameworks */ = {
			isa = PBXGroup;
			children = (
				B1F40D4212F7069E00F60D70 /* AppKit.framework */,
				B1F40D4312F7069E00F60D70 /* CoreData.framework */,
				B1F40D4412F7069E00F60D70 /* Foundation.framework */,
			);
			name = "Other Frameworks";
			sourceTree = "<group>";
		};
		B1F40D4512F7069E00F60D70 /* iPadRestore */ = {
			isa = PBXGroup;
			children = (
				B1BAE6FC12F7130000F832D0 /* iTunes.h */,
				B1BAE6FD12F7130000F832D0 /* SystemEvents.h */,
				B1F40D5112F7069F00F60D70 /* iPadRestoreAppDelegate.h */,
				B1F40D5212F7069F00F60D70 /* iPadRestoreAppDelegate.m */,
				B1F40D5412F7069F00F60D70 /* MainMenu.xib */,
				B1F40D4612F7069E00F60D70 /* Supporting Files */,
				B1F40D5C12F707A800F60D70 /* ODURestoreController.h */,
				B1F40D5D12F707A800F60D70 /* ODURestoreController.m */,
				B1F40D5E12F707A800F60D70 /* ODURestoreView.xib */,
				B1B92B3812F70F2400256851 /* ODUiPad.h */,
				B1B92B3912F70F2400256851 /* ODUiPad.m */,
				B1FAE5F012F8B1580055673B /* ODUAccessUtilities.h */,
				B1FAE5F112F8B1580055673B /* ODUAccessUtilities.m */,
				B1FAE5F312FA0BA70055673B /* ODUUIElement.h */,
				B1FAE5F412FA0BA70055673B /* ODUUIElement.m */,
			);
			path = iPadRestore;
			sourceTree = "<group>";
		};
		B1F40D4612F7069E00F60D70 /* Supporting Files */ = {
			isa = PBXGroup;
			children = (
				B1F40D4712F7069E00F60D70 /* iPadRestore-Info.plist */,
				B1F40D4812F7069E00F60D70 /* InfoPlist.strings */,
				B1F40D4B12F7069E00F60D70 /* iPadRestore-Prefix.pch */,
				B1F40D4C12F7069E00F60D70 /* main.m */,
				B1F40D4E12F7069F00F60D70 /* Credits.rtf */,
			);
			name = "Supporting Files";
			sourceTree = "<group>";
		};
/* End PBXGroup section */

/* Begin PBXHeadersBuildPhase section */
		B1C4A329130CA5EB00ADE151 /* Headers */ = {
			isa = PBXHeadersBuildPhase;
			buildActionMask = 2147483647;
			files = (
			);
			runOnlyForDeploymentPostprocessing = 0;
		};
		B1C4A3A2130CB77500ADE151 /* Headers */ = {
			isa = PBXHeadersBuildPhase;
			buildActionMask = 2147483647;
			files = (
			);
			runOnlyForDeploymentPostprocessing = 0;
		};
/* End PBXHeadersBuildPhase section */

/* Begin PBXNativeTarget section */
		B1C4A32A130CA5EB00ADE151 /* libusb */ = {
			isa = PBXNativeTarget;
			buildConfigurationList = B1C4A32E130CA5EB00ADE151 /* Build configuration list for PBXNativeTarget "libusb" */;
			buildPhases = (
				B1C4A327130CA5EB00ADE151 /* Sources */,
				B1C4A328130CA5EB00ADE151 /* Frameworks */,
				B1C4A329130CA5EB00ADE151 /* Headers */,
				B1C4A32F130CA5FA00ADE151 /* ShellScript */,
			);
			buildRules = (
			);
			dependencies = (
			);
			name = libusb;
			productName = libusb;
			productReference = B1C4A32B130CA5EB00ADE151 /* liblibusb.a */;
			productType = "com.apple.product-type.library.static";
		};
		B1C4A3A3130CB77500ADE151 /* libplist */ = {
			isa = PBXNativeTarget;
			buildConfigurationList = B1C4A3A5130CB77500ADE151 /* Build configuration list for PBXNativeTarget "libplist" */;
			buildPhases = (
				B1C4A3A0130CB77500ADE151 /* Sources */,
				B1C4A3A1130CB77500ADE151 /* Frameworks */,
				B1C4A3A2130CB77500ADE151 /* Headers */,
			);
			buildRules = (
			);
			dependencies = (
			);
			name = libplist;
			productName = libplist;
			productReference = B1C4A3A4130CB77500ADE151 /* liblibplist.a */;
			productType = "com.apple.product-type.library.static";
		};
		B1F40D3A12F7069E00F60D70 /* iPadRestore */ = {
			isa = PBXNativeTarget;
			buildConfigurationList = B1F40D5912F7069F00F60D70 /* Build configuration list for PBXNativeTarget "iPadRestore" */;
			buildPhases = (
				B1F40D3712F7069E00F60D70 /* Sources */,
				B1F40D3812F7069E00F60D70 /* Frameworks */,
				B1F40D3912F7069E00F60D70 /* Resources */,
			);
			buildRules = (
			);
			dependencies = (
			);
			name = iPadRestore;
			productName = iPadRestore;
			productReference = B1F40D3B12F7069E00F60D70 /* iPadRestore.app */;
			productType = "com.apple.product-type.application";
		};
/* End PBXNativeTarget section */

/* Begin PBXProject section */
		B1F40D3212F7069E00F60D70 /* Project object */ = {
			isa = PBXProject;
			attributes = {
				ORGANIZATIONNAME = "Naval Research Lab";
			};
			buildConfigurationList = B1F40D3512F7069E00F60D70 /* Build configuration list for PBXProject "iPadRestore" */;
			compatibilityVersion = "Xcode 3.2";
			developmentRegion = English;
			hasScannedForEncodings = 0;
			knownRegions = (
				en,
			);
			mainGroup = B1F40D3012F7069E00F60D70;
			productRefGroup = B1F40D3C12F7069E00F60D70 /* Products */;
			projectDirPath = "";
			projectRoot = "";
			targets = (
				B1F40D3A12F7069E00F60D70 /* iPadRestore */,
				B1C4A32A130CA5EB00ADE151 /* libusb */,
				B1C4A3A3130CB77500ADE151 /* libplist */,
			);
		};
/* End PBXProject section */

/* Begin PBXResourcesBuildPhase section */
		B1F40D3912F7069E00F60D70 /* Resources */ = {
			isa = PBXResourcesBuildPhase;
			buildActionMask = 2147483647;
			files = (
				B1F40D4A12F7069E00F60D70 /* InfoPlist.strings in Resources */,
				B1F40D5012F7069F00F60D70 /* Credits.rtf in Resources */,
				B1F40D5612F7069F00F60D70 /* MainMenu.xib in Resources */,
				B1F40D6012F707A800F60D70 /* ODURestoreView.xib in Resources */,
			);
			runOnlyForDeploymentPostprocessing = 0;
		};
/* End PBXResourcesBuildPhase section */

/* Begin PBXShellScriptBuildPhase section */
		B1C4A32F130CA5FA00ADE151 /* ShellScript */ = {
			isa = PBXShellScriptBuildPhase;
			buildActionMask = 2147483647;
			files = (
			);
			inputPaths = (
			);
			outputPaths = (
			);
			runOnlyForDeploymentPostprocessing = 0;
			shellPath = /bin/sh;
			shellScript = "# Build libUSB\n\n# Disallow undefined variables\nset -u\n\n# Set the compiler\nGCC_V=$GCC_VERSION\ncase $GCC_V in\n\"4.2\")\nexport CC=\"$PLATFORM_DEVELOPER_BIN_DIR/gcc-4.2\";;\n\"4.0\")\nexport CC=\"$PLATFORM_DEVELOPER_BIN_DIR/gcc-4.0\";;\n\"com.apple.compilers.llvm.clang.1_0\")\nexport CC=\"$PLATFORM_DEVELOPER_BIN_DIR/clang\";;\n\"com.apple.compilers.llvmgcc42\")\nexport CC=\"$PLATFORM_DEVELOPER_BIN_DIR/llvm-gcc-4.2\";;\nesac\n\n# Set the Debugging options\nGCC_DEBUGGING_SYMBOLS=\"default\"\ncase ${GCC_DEBUGGING_SYMBOLS} in\n\"used\")\nDEBUG_FLAGS=\"-gused -gstabs+ -feliminate-unused-debug-symbols -g${DEBUG_INFORMATION_VARIANT}\";;\n\"full\")\nDEBUG_FLAGS=\"-gfull -gstabs+ -feliminate-unused-debug-symbols -g${DEBUG_INFORMATION_VARIANT}\";;\n\"default\")\nDEBUG_FLAGS=\"-g -gstabs+ -feliminate-unused-debug-symbols\";;\nesac\n\nLIB_DEST_PATH=\"${SRCROOT}/local\"\nmkdir -p $LIB_DEST_PATH\nLIB_DEST_PATH=`cd $LIB_DEST_PATH && pwd`\n\necho $LIB_DEST_PATH\ncd ${SRCROOT}/src\n\n# Check to make sure the source is there\nSRC_DIR=./libusb-1.0.8\nif [ -d ${SRC_DIR} ]\nthen\necho \"Directory found\"\ncd ${SRC_DIR}\nelse\ntar xjf ${SRC_DIR}.tar.bz2\ncd ${SRC_DIR}\nfi\n\n# Fat Lib directory\nFAT_LIB_DIR=${SRCROOT}/src/${SRC_DIR}/build\nmkdir -p ${FAT_LIB_DIR}\n\n# How many CPUs/cores to use for make\nNUM_CPUS=`sysctl -n hw.ncpu`\n\n\n# Define the arches\nARCH_STRING=\"\"\nfor ARCH in $ARCHS\ndo\n    ARCH_STRING=\"${ARCH_STRING} -arch ${ARCH}\"\ndone\necho $ARCH_STRING\n\n\n# Make the libraries\nfor ARCH in $ARCHS\ndo\n    export CFLAGS=\"${ARCH_STRING} -I${SRC_DIR}/local/include\"\n    export LDFLAGS=\"${ARCH_STRING} -L${SRC_DIR}/local/lib\"\n    export CXX=CC\n    export CXXFLAGS=\"${CFLAGS}\"\n    export CPP=\"/Developer/usr/bin/cpp-4.2\"\n    export CXXCPP=\"${CPP}\"\n\n    #Make the build directory\n    BUILD_DIR=${SRCROOT}/src/${SRC_DIR}/build-${ARCH}\n    echo $BUILD_DIR\n    if [ -d ${BUILD_DIR} ]\n    then\n        #Directory found\n        cd ${BUILD_DIR}\n    else\n        mkdir -p ${BUILD_DIR}\n        cd ${BUILD_DIR}\n        # Configure\n        ../configure \\\n            --prefix=\"$LIB_DEST_PATH\" \\\n            --disable-shared \\\n            --enable-static \\\n            \"$@\" || exit\n    fi\n\n    pwd\n\n    # Depending on how many cores the host machine has, change this number\n    make -j ${NUM_CPUS}\n    make install\ndone";
		};
/* End PBXShellScriptBuildPhase section */

/* Begin PBXSourcesBuildPhase section */
		B1C4A327130CA5EB00ADE151 /* Sources */ = {
			isa = PBXSourcesBuildPhase;
			buildActionMask = 2147483647;
			files = (
			);
			runOnlyForDeploymentPostprocessing = 0;
		};
		B1C4A3A0130CB77500ADE151 /* Sources */ = {
			isa = PBXSourcesBuildPhase;
			buildActionMask = 2147483647;
			files = (
			);
			runOnlyForDeploymentPostprocessing = 0;
		};
		B1F40D3712F7069E00F60D70 /* Sources */ = {
			isa = PBXSourcesBuildPhase;
			buildActionMask = 2147483647;
			files = (
				B1F40D4D12F7069E00F60D70 /* main.m in Sources */,
				B1F40D5312F7069F00F60D70 /* iPadRestoreAppDelegate.m in Sources */,
				B1F40D5F12F707A800F60D70 /* ODURestoreController.m in Sources */,
				B1B92B3A12F70F2400256851 /* ODUiPad.m in Sources */,
				B1FAE5F212F8B1580055673B /* ODUAccessUtilities.m in Sources */,
				B1FAE5F512FA0BA70055673B /* ODUUIElement.m in Sources */,
			);
			runOnlyForDeploymentPostprocessing = 0;
		};
/* End PBXSourcesBuildPhase section */

/* Begin PBXVariantGroup section */
		B1F40D4812F7069E00F60D70 /* InfoPlist.strings */ = {
			isa = PBXVariantGroup;
			children = (
				B1F40D4912F7069E00F60D70 /* en */,
			);
			name = InfoPlist.strings;
			sourceTree = "<group>";
		};
		B1F40D4E12F7069F00F60D70 /* Credits.rtf */ = {
			isa = PBXVariantGroup;
			children = (
				B1F40D4F12F7069F00F60D70 /* en */,
			);
			name = Credits.rtf;
			sourceTree = "<group>";
		};
		B1F40D5412F7069F00F60D70 /* MainMenu.xib */ = {
			isa = PBXVariantGroup;
			children = (
				B1F40D5512F7069F00F60D70 /* en */,
			);
			name = MainMenu.xib;
			sourceTree = "<group>";
		};
/* End PBXVariantGroup section */

/* Begin XCBuildConfiguration section */
		B1C4A32C130CA5EB00ADE151 /* Debug */ = {
			isa = XCBuildConfiguration;
			buildSettings = {
				ALWAYS_SEARCH_USER_PATHS = NO;
				COPY_PHASE_STRIP = NO;
				EXECUTABLE_PREFIX = lib;
				GCC_DYNAMIC_NO_PIC = NO;
				GCC_ENABLE_OBJC_EXCEPTIONS = YES;
				GCC_WARN_64_TO_32_BIT_CONVERSION = YES;
				PRODUCT_NAME = "$(TARGET_NAME)";
			};
			name = Debug;
		};
		B1C4A32D130CA5EB00ADE151 /* Release */ = {
			isa = XCBuildConfiguration;
			buildSettings = {
				ALWAYS_SEARCH_USER_PATHS = NO;
				COPY_PHASE_STRIP = YES;
				DEBUG_INFORMATION_FORMAT = "dwarf-with-dsym";
				EXECUTABLE_PREFIX = lib;
				GCC_ENABLE_OBJC_EXCEPTIONS = YES;
				GCC_WARN_64_TO_32_BIT_CONVERSION = YES;
				PRODUCT_NAME = "$(TARGET_NAME)";
			};
			name = Release;
		};
		B1C4A3A6130CB77500ADE151 /* Debug */ = {
			isa = XCBuildConfiguration;
			buildSettings = {
				ALWAYS_SEARCH_USER_PATHS = NO;
				COPY_PHASE_STRIP = NO;
				EXECUTABLE_PREFIX = lib;
				GCC_DYNAMIC_NO_PIC = NO;
				GCC_ENABLE_OBJC_EXCEPTIONS = YES;
				GCC_WARN_64_TO_32_BIT_CONVERSION = YES;
				PRODUCT_NAME = "$(TARGET_NAME)";
			};
			name = Debug;
		};
		B1C4A3A7130CB77500ADE151 /* Release */ = {
			isa = XCBuildConfiguration;
			buildSettings = {
				ALWAYS_SEARCH_USER_PATHS = NO;
				COPY_PHASE_STRIP = YES;
				DEBUG_INFORMATION_FORMAT = "dwarf-with-dsym";
				EXECUTABLE_PREFIX = lib;
				GCC_ENABLE_OBJC_EXCEPTIONS = YES;
				GCC_WARN_64_TO_32_BIT_CONVERSION = YES;
				PRODUCT_NAME = "$(TARGET_NAME)";
			};
			name = Release;
		};
		B1F40D5712F7069F00F60D70 /* Debug */ = {
			isa = XCBuildConfiguration;
			buildSettings = {
				ARCHS = "$(ARCHS_STANDARD_32_64_BIT)";
				GCC_C_LANGUAGE_STANDARD = gnu99;
				GCC_OPTIMIZATION_LEVEL = 0;
				GCC_PREPROCESSOR_DEFINITIONS = DEBUG;
				GCC_VERSION = com.apple.compilers.llvm.clang.1_0;
				GCC_WARN_ABOUT_RETURN_TYPE = YES;
				GCC_WARN_UNUSED_VARIABLE = YES;
				MACOSX_DEPLOYMENT_TARGET = 10.6;
				ONLY_ACTIVE_ARCH = YES;
				OTHER_CFLAGS = "-Wall";
				SDKROOT = macosx;
			};
			name = Debug;
		};
		B1F40D5812F7069F00F60D70 /* Release */ = {
			isa = XCBuildConfiguration;
			buildSettings = {
				ARCHS = "$(ARCHS_STANDARD_32_64_BIT)";
				GCC_C_LANGUAGE_STANDARD = gnu99;
				GCC_VERSION = com.apple.compilers.llvm.clang.1_0;
				GCC_WARN_ABOUT_RETURN_TYPE = YES;
				GCC_WARN_UNUSED_VARIABLE = YES;
				MACOSX_DEPLOYMENT_TARGET = 10.6;
				SDKROOT = macosx;
			};
			name = Release;
		};
		B1F40D5A12F7069F00F60D70 /* Debug */ = {
			isa = XCBuildConfiguration;
			buildSettings = {
				ALWAYS_SEARCH_USER_PATHS = NO;
				COPY_PHASE_STRIP = NO;
				GCC_DYNAMIC_NO_PIC = NO;
				GCC_ENABLE_OBJC_EXCEPTIONS = YES;
				GCC_PRECOMPILE_PREFIX_HEADER = YES;
				GCC_PREFIX_HEADER = "iPadRestore/iPadRestore-Prefix.pch";
				INFOPLIST_FILE = "iPadRestore/iPadRestore-Info.plist";
				INSTALL_PATH = "$(HOME)/Applications";
				PRODUCT_NAME = "$(TARGET_NAME)";
				WRAPPER_EXTENSION = app;
			};
			name = Debug;
		};
		B1F40D5B12F7069F00F60D70 /* Release */ = {
			isa = XCBuildConfiguration;
			buildSettings = {
				ALWAYS_SEARCH_USER_PATHS = NO;
				COPY_PHASE_STRIP = YES;
				DEBUG_INFORMATION_FORMAT = "dwarf-with-dsym";
				GCC_ENABLE_OBJC_EXCEPTIONS = YES;
				GCC_PRECOMPILE_PREFIX_HEADER = YES;
				GCC_PREFIX_HEADER = "iPadRestore/iPadRestore-Prefix.pch";
				INFOPLIST_FILE = "iPadRestore/iPadRestore-Info.plist";
				INSTALL_PATH = "$(HOME)/Applications";
				PRODUCT_NAME = "$(TARGET_NAME)";
				WRAPPER_EXTENSION = app;
			};
			name = Release;
		};
/* End XCBuildConfiguration section */

/* Begin XCConfigurationList section */
		B1C4A32E130CA5EB00ADE151 /* Build configuration list for PBXNativeTarget "libusb" */ = {
			isa = XCConfigurationList;
			buildConfigurations = (
				B1C4A32C130CA5EB00ADE151 /* Debug */,
				B1C4A32D130CA5EB00ADE151 /* Release */,
			);
			defaultConfigurationIsVisible = 0;
		};
		B1C4A3A5130CB77500ADE151 /* Build configuration list for PBXNativeTarget "libplist" */ = {
			isa = XCConfigurationList;
			buildConfigurations = (
				B1C4A3A6130CB77500ADE151 /* Debug */,
				B1C4A3A7130CB77500ADE151 /* Release */,
			);
			defaultConfigurationIsVisible = 0;
		};
		B1F40D3512F7069E00F60D70 /* Build configuration list for PBXProject "iPadRestore" */ = {
			isa = XCConfigurationList;
			buildConfigurations = (
				B1F40D5712F7069F00F60D70 /* Debug */,
				B1F40D5812F7069F00F60D70 /* Release */,
			);
			defaultConfigurationIsVisible = 0;
			defaultConfigurationName = Release;
		};
		B1F40D5912F7069F00F60D70 /* Build configuration list for PBXNativeTarget "iPadRestore" */ = {
			isa = XCConfigurationList;
			buildConfigurations = (
				B1F40D5A12F7069F00F60D70 /* Debug */,
				B1F40D5B12F7069F00F60D70 /* Release */,
			);
			defaultConfigurationIsVisible = 0;
			defaultConfigurationName = Release;
		};
/* End XCConfigurationList section */
	};
	rootObject = B1F40D3212F7069E00F60D70 /* Project object */;
}
