// !$*UTF8*$!
{
	archiveVersion = 1;
	classes = {
	};
	objectVersion = 46;
	objects = {

/* Begin PBXBuildFile section */
		B1B92B3A12F70F2400256851 /* ODUiPad.m in Sources */ = {isa = PBXBuildFile; fileRef = B1B92B3912F70F2400256851 /* ODUiPad.m */; };
		B1BAE6FF12F7154600F832D0 /* ScriptingBridge.framework in Frameworks */ = {isa = PBXBuildFile; fileRef = B1BAE6FE12F7154600F832D0 /* ScriptingBridge.framework */; };
		B1F40D4012F7069E00F60D70 /* Cocoa.framework in Frameworks */ = {isa = PBXBuildFile; fileRef = B1F40D3F12F7069E00F60D70 /* Cocoa.framework */; };
		B1F40D4A12F7069E00F60D70 /* InfoPlist.strings in Resources */ = {isa = PBXBuildFile; fileRef = B1F40D4812F7069E00F60D70 /* InfoPlist.strings */; };
		B1F40D4D12F7069E00F60D70 /* main.m in Sources */ = {isa = PBXBuildFile; fileRef = B1F40D4C12F7069E00F60D70 /* main.m */; };
		B1F40D5012F7069F00F60D70 /* Credits.rtf in Resources */ = {isa = PBXBuildFile; fileRef = B1F40D4E12F7069F00F60D70 /* Credits.rtf */; };
		B1F40D5312F7069F00F60D70 /* iPadRestoreAppDelegate.m in Sources */ = {isa = PBXBuildFile; fileRef = B1F40D5212F7069F00F60D70 /* iPadRestoreAppDelegate.m */; };
		B1F40D5612F7069F00F60D70 /* MainMenu.xib in Resources */ = {isa = PBXBuildFile; fileRef = B1F40D5412F7069F00F60D70 /* MainMenu.xib */; };
		B1F40D5F12F707A800F60D70 /* ODURestoreController.m in Sources */ = {isa = PBXBuildFile; fileRef = B1F40D5D12F707A800F60D70 /* ODURestoreController.m */; };
		B1F40D6012F707A800F60D70 /* ODURestoreView.xib in Resources */ = {isa = PBXBuildFile; fileRef = B1F40D5E12F707A800F60D70 /* ODURestoreView.xib */; };
/* End PBXBuildFile section */

/* Begin PBXFileReference section */
		B1B92B3812F70F2400256851 /* ODUiPad.h */ = {isa = PBXFileReference; fileEncoding = 4; lastKnownFileType = sourcecode.c.h; path = ODUiPad.h; sourceTree = "<group>"; };
		B1B92B3912F70F2400256851 /* ODUiPad.m */ = {isa = PBXFileReference; fileEncoding = 4; lastKnownFileType = sourcecode.c.objc; path = ODUiPad.m; sourceTree = "<group>"; };
		B1BAE6FC12F7130000F832D0 /* iTunes.h */ = {isa = PBXFileReference; fileEncoding = 4; lastKnownFileType = sourcecode.c.h; path = iTunes.h; sourceTree = "<group>"; };
		B1BAE6FD12F7130000F832D0 /* SystemEvents.h */ = {isa = PBXFileReference; fileEncoding = 4; lastKnownFileType = sourcecode.c.h; path = SystemEvents.h; sourceTree = "<group>"; };
		B1BAE6FE12F7154600F832D0 /* ScriptingBridge.framework */ = {isa = PBXFileReference; lastKnownFileType = wrapper.framework; name = ScriptingBridge.framework; path = System/Library/Frameworks/ScriptingBridge.framework; sourceTree = SDKROOT; };
		B1F40D3B12F7069E00F60D70 /* iPadRestore.app */ = {isa = PBXFileReference; explicitFileType = wrapper.application; includeInIndex = 0; path = iPadRestore.app; sourceTree = BUILT_PRODUCTS_DIR; };
		B1F40D3F12F7069E00F60D70 /* Cocoa.framework */ = {isa = PBXFileReference; lastKnownFileType = wrapper.framework; name = Cocoa.framework; path = System/Library/Frameworks/Cocoa.framework; sourceTree = SDKROOT; };
		B1F40D4212F7069E00F60D70 /* AppKit.framework */ = {isa = PBXFileReference; lastKnownFileType = wrapper.framework; name = AppKit.framework; path = System/Library/Frameworks/AppKit.framework; sourceTree = SDKROOT; };
		B1F40D4312F7069E00F60D70 /* CoreData.framework */ = {isa = PBXFileReference; lastKnownFileType = wrapper.framework; name = CoreData.framework; path = System/Library/Frameworks/CoreData.framework; sourceTree = SDKROOT; };
		B1F40D4412F7069E00F60D70 /* Foundation.framework */ = {isa = PBXFileReference; lastKnownFileType = wrapper.framework; name = Foundation.framework; path = System/Library/Frameworks/Foundation.framework; sourceTree = SDKROOT; };
		B1F40D4712F7069E00F60D70 /* iPadRestore-Info.plist */ = {isa = PBXFileReference; lastKnownFileType = text.plist.xml; path = "iPadRestore-Info.plist"; sourceTree = "<group>"; };
		B1F40D4912F7069E00F60D70 /* en */ = {isa = PBXFileReference; lastKnownFileType = text.plist.strings; name = en; path = en.lproj/InfoPlist.strings; sourceTree = "<group>"; };
		B1F40D4B12F7069E00F60D70 /* iPadRestore-Prefix.pch */ = {isa = PBXFileReference; lastKnownFileType = sourcecode.c.h; path = "iPadRestore-Prefix.pch"; sourceTree = "<group>"; };
		B1F40D4C12F7069E00F60D70 /* main.m */ = {isa = PBXFileReference; lastKnownFileType = sourcecode.c.objc; path = main.m; sourceTree = "<group>"; };
		B1F40D4F12F7069F00F60D70 /* en */ = {isa = PBXFileReference; lastKnownFileType = text.rtf; name = en; path = en.lproj/Credits.rtf; sourceTree = "<group>"; };
		B1F40D5112F7069F00F60D70 /* iPadRestoreAppDelegate.h */ = {isa = PBXFileReference; lastKnownFileType = sourcecode.c.h; path = iPadRestoreAppDelegate.h; sourceTree = "<group>"; };
		B1F40D5212F7069F00F60D70 /* iPadRestoreAppDelegate.m */ = {isa = PBXFileReference; lastKnownFileType = sourcecode.c.objc; path = iPadRestoreAppDelegate.m; sourceTree = "<group>"; };
		B1F40D5512F7069F00F60D70 /* en */ = {isa = PBXFileReference; lastKnownFileType = file.xib; name = en; path = en.lproj/MainMenu.xib; sourceTree = "<group>"; };
		B1F40D5C12F707A800F60D70 /* ODURestoreController.h */ = {isa = PBXFileReference; fileEncoding = 4; lastKnownFileType = sourcecode.c.h; path = ODURestoreController.h; sourceTree = "<group>"; };
		B1F40D5D12F707A800F60D70 /* ODURestoreController.m */ = {isa = PBXFileReference; fileEncoding = 4; lastKnownFileType = sourcecode.c.objc; path = ODURestoreController.m; sourceTree = "<group>"; };
		B1F40D5E12F707A800F60D70 /* ODURestoreView.xib */ = {isa = PBXFileReference; fileEncoding = 4; lastKnownFileType = file.xib; path = ODURestoreView.xib; sourceTree = "<group>"; };
/* End PBXFileReference section */

/* Begin PBXFrameworksBuildPhase section */
		B1F40D3812F7069E00F60D70 /* Frameworks */ = {
			isa = PBXFrameworksBuildPhase;
			buildActionMask = 2147483647;
			files = (
				B1BAE6FF12F7154600F832D0 /* ScriptingBridge.framework in Frameworks */,
				B1F40D4012F7069E00F60D70 /* Cocoa.framework in Frameworks */,
			);
			runOnlyForDeploymentPostprocessing = 0;
		};
/* End PBXFrameworksBuildPhase section */

/* Begin PBXGroup section */
		B1F40D3012F7069E00F60D70 = {
			isa = PBXGroup;
			children = (
				B1BAE6FE12F7154600F832D0 /* ScriptingBridge.framework */,
				B1F40D4512F7069E00F60D70 /* iPadRestore */,
				B1F40D3E12F7069E00F60D70 /* Frameworks */,
				B1F40D3C12F7069E00F60D70 /* Products */,
			);
			sourceTree = "<group>";
		};
		B1F40D3C12F7069E00F60D70 /* Products */ = {
			isa = PBXGroup;
			children = (
				B1F40D3B12F7069E00F60D70 /* iPadRestore.app */,
			);
			name = Products;
			sourceTree = "<group>";
		};
		B1F40D3E12F7069E00F60D70 /* Frameworks */ = {
			isa = PBXGroup;
			children = (
				B1F40D3F12F7069E00F60D70 /* Cocoa.framework */,
				B1F40D4112F7069E00F60D70 /* Other Frameworks */,
			);
			name = Frameworks;
			sourceTree = "<group>";
		};
		B1F40D4112F7069E00F60D70 /* Other Frameworks */ = {
			isa = PBXGroup;
			children = (
				B1F40D4212F7069E00F60D70 /* AppKit.framework */,
				B1F40D4312F7069E00F60D70 /* CoreData.framework */,
				B1F40D4412F7069E00F60D70 /* Foundation.framework */,
			);
			name = "Other Frameworks";
			sourceTree = "<group>";
		};
		B1F40D4512F7069E00F60D70 /* iPadRestore */ = {
			isa = PBXGroup;
			children = (
				B1BAE6FC12F7130000F832D0 /* iTunes.h */,
				B1BAE6FD12F7130000F832D0 /* SystemEvents.h */,
				B1F40D5112F7069F00F60D70 /* iPadRestoreAppDelegate.h */,
				B1F40D5212F7069F00F60D70 /* iPadRestoreAppDelegate.m */,
				B1F40D5412F7069F00F60D70 /* MainMenu.xib */,
				B1F40D4612F7069E00F60D70 /* Supporting Files */,
				B1F40D5C12F707A800F60D70 /* ODURestoreController.h */,
				B1F40D5D12F707A800F60D70 /* ODURestoreController.m */,
				B1F40D5E12F707A800F60D70 /* ODURestoreView.xib */,
				B1B92B3812F70F2400256851 /* ODUiPad.h */,
				B1B92B3912F70F2400256851 /* ODUiPad.m */,
			);
			path = iPadRestore;
			sourceTree = "<group>";
		};
		B1F40D4612F7069E00F60D70 /* Supporting Files */ = {
			isa = PBXGroup;
			children = (
				B1F40D4712F7069E00F60D70 /* iPadRestore-Info.plist */,
				B1F40D4812F7069E00F60D70 /* InfoPlist.strings */,
				B1F40D4B12F7069E00F60D70 /* iPadRestore-Prefix.pch */,
				B1F40D4C12F7069E00F60D70 /* main.m */,
				B1F40D4E12F7069F00F60D70 /* Credits.rtf */,
			);
			name = "Supporting Files";
			sourceTree = "<group>";
		};
/* End PBXGroup section */

/* Begin PBXNativeTarget section */
		B1F40D3A12F7069E00F60D70 /* iPadRestore */ = {
			isa = PBXNativeTarget;
			buildConfigurationList = B1F40D5912F7069F00F60D70 /* Build configuration list for PBXNativeTarget "iPadRestore" */;
			buildPhases = (
				B1F40D3712F7069E00F60D70 /* Sources */,
				B1F40D3812F7069E00F60D70 /* Frameworks */,
				B1F40D3912F7069E00F60D70 /* Resources */,
			);
			buildRules = (
			);
			dependencies = (
			);
			name = iPadRestore;
			productName = iPadRestore;
			productReference = B1F40D3B12F7069E00F60D70 /* iPadRestore.app */;
			productType = "com.apple.product-type.application";
		};
/* End PBXNativeTarget section */

/* Begin PBXProject section */
		B1F40D3212F7069E00F60D70 /* Project object */ = {
			isa = PBXProject;
			attributes = {
				ORGANIZATIONNAME = "Naval Research Lab";
			};
			buildConfigurationList = B1F40D3512F7069E00F60D70 /* Build configuration list for PBXProject "iPadRestore" */;
			compatibilityVersion = "Xcode 3.2";
			developmentRegion = English;
			hasScannedForEncodings = 0;
			knownRegions = (
				en,
			);
			mainGroup = B1F40D3012F7069E00F60D70;
			productRefGroup = B1F40D3C12F7069E00F60D70 /* Products */;
			projectDirPath = "";
			projectRoot = "";
			targets = (
				B1F40D3A12F7069E00F60D70 /* iPadRestore */,
			);
		};
/* End PBXProject section */

/* Begin PBXResourcesBuildPhase section */
		B1F40D3912F7069E00F60D70 /* Resources */ = {
			isa = PBXResourcesBuildPhase;
			buildActionMask = 2147483647;
			files = (
				B1F40D4A12F7069E00F60D70 /* InfoPlist.strings in Resources */,
				B1F40D5012F7069F00F60D70 /* Credits.rtf in Resources */,
				B1F40D5612F7069F00F60D70 /* MainMenu.xib in Resources */,
				B1F40D6012F707A800F60D70 /* ODURestoreView.xib in Resources */,
			);
			runOnlyForDeploymentPostprocessing = 0;
		};
/* End PBXResourcesBuildPhase section */

/* Begin PBXSourcesBuildPhase section */
		B1F40D3712F7069E00F60D70 /* Sources */ = {
			isa = PBXSourcesBuildPhase;
			buildActionMask = 2147483647;
			files = (
				B1F40D4D12F7069E00F60D70 /* main.m in Sources */,
				B1F40D5312F7069F00F60D70 /* iPadRestoreAppDelegate.m in Sources */,
				B1F40D5F12F707A800F60D70 /* ODURestoreController.m in Sources */,
				B1B92B3A12F70F2400256851 /* ODUiPad.m in Sources */,
			);
			runOnlyForDeploymentPostprocessing = 0;
		};
/* End PBXSourcesBuildPhase section */

/* Begin PBXVariantGroup section */
		B1F40D4812F7069E00F60D70 /* InfoPlist.strings */ = {
			isa = PBXVariantGroup;
			children = (
				B1F40D4912F7069E00F60D70 /* en */,
			);
			name = InfoPlist.strings;
			sourceTree = "<group>";
		};
		B1F40D4E12F7069F00F60D70 /* Credits.rtf */ = {
			isa = PBXVariantGroup;
			children = (
				B1F40D4F12F7069F00F60D70 /* en */,
			);
			name = Credits.rtf;
			sourceTree = "<group>";
		};
		B1F40D5412F7069F00F60D70 /* MainMenu.xib */ = {
			isa = PBXVariantGroup;
			children = (
				B1F40D5512F7069F00F60D70 /* en */,
			);
			name = MainMenu.xib;
			sourceTree = "<group>";
		};
/* End PBXVariantGroup section */

/* Begin XCBuildConfiguration section */
		B1F40D5712F7069F00F60D70 /* Debug */ = {
			isa = XCBuildConfiguration;
			buildSettings = {
				ARCHS = "$(ARCHS_STANDARD_32_64_BIT)";
				GCC_C_LANGUAGE_STANDARD = gnu99;
				GCC_OPTIMIZATION_LEVEL = 0;
				GCC_PREPROCESSOR_DEFINITIONS = DEBUG;
				GCC_VERSION = com.apple.compilers.llvm.clang.1_0;
				GCC_WARN_ABOUT_RETURN_TYPE = YES;
				GCC_WARN_UNUSED_VARIABLE = YES;
				MACOSX_DEPLOYMENT_TARGET = 10.6;
				ONLY_ACTIVE_ARCH = YES;
				OTHER_CFLAGS = "-Wall";
				SDKROOT = macosx;
			};
			name = Debug;
		};
		B1F40D5812F7069F00F60D70 /* Release */ = {
			isa = XCBuildConfiguration;
			buildSettings = {
				ARCHS = "$(ARCHS_STANDARD_32_64_BIT)";
				GCC_C_LANGUAGE_STANDARD = gnu99;
				GCC_VERSION = com.apple.compilers.llvm.clang.1_0;
				GCC_WARN_ABOUT_RETURN_TYPE = YES;
				GCC_WARN_UNUSED_VARIABLE = YES;
				MACOSX_DEPLOYMENT_TARGET = 10.6;
				SDKROOT = macosx;
			};
			name = Release;
		};
		B1F40D5A12F7069F00F60D70 /* Debug */ = {
			isa = XCBuildConfiguration;
			buildSettings = {
				ALWAYS_SEARCH_USER_PATHS = NO;
				COPY_PHASE_STRIP = NO;
				GCC_DYNAMIC_NO_PIC = NO;
				GCC_ENABLE_OBJC_EXCEPTIONS = YES;
				GCC_PRECOMPILE_PREFIX_HEADER = YES;
				GCC_PREFIX_HEADER = "iPadRestore/iPadRestore-Prefix.pch";
				INFOPLIST_FILE = "iPadRestore/iPadRestore-Info.plist";
				INSTALL_PATH = "$(HOME)/Applications";
				PRODUCT_NAME = "$(TARGET_NAME)";
				WRAPPER_EXTENSION = app;
			};
			name = Debug;
		};
		B1F40D5B12F7069F00F60D70 /* Release */ = {
			isa = XCBuildConfiguration;
			buildSettings = {
				ALWAYS_SEARCH_USER_PATHS = NO;
				COPY_PHASE_STRIP = YES;
				DEBUG_INFORMATION_FORMAT = "dwarf-with-dsym";
				GCC_ENABLE_OBJC_EXCEPTIONS = YES;
				GCC_PRECOMPILE_PREFIX_HEADER = YES;
				GCC_PREFIX_HEADER = "iPadRestore/iPadRestore-Prefix.pch";
				INFOPLIST_FILE = "iPadRestore/iPadRestore-Info.plist";
				INSTALL_PATH = "$(HOME)/Applications";
				PRODUCT_NAME = "$(TARGET_NAME)";
				WRAPPER_EXTENSION = app;
			};
			name = Release;
		};
/* End XCBuildConfiguration section */

/* Begin XCConfigurationList section */
		B1F40D3512F7069E00F60D70 /* Build configuration list for PBXProject "iPadRestore" */ = {
			isa = XCConfigurationList;
			buildConfigurations = (
				B1F40D5712F7069F00F60D70 /* Debug */,
				B1F40D5812F7069F00F60D70 /* Release */,
			);
			defaultConfigurationIsVisible = 0;
			defaultConfigurationName = Release;
		};
		B1F40D5912F7069F00F60D70 /* Build configuration list for PBXNativeTarget "iPadRestore" */ = {
			isa = XCConfigurationList;
			buildConfigurations = (
				B1F40D5A12F7069F00F60D70 /* Debug */,
				B1F40D5B12F7069F00F60D70 /* Release */,
			);
			defaultConfigurationIsVisible = 0;
			defaultConfigurationName = Release;
		};
/* End XCConfigurationList section */
	};
	rootObject = B1F40D3212F7069E00F60D70 /* Project object */;
}
